// !$*UTF8*$!
{
	archiveVersion = 1;
	classes = {
	};
	objectVersion = 46;
	objects = {

/* Begin PBXBuildFile section */
		3A9B69B41C95468100F6D83A /* PlayAudioViewController.swift in Sources */ = {isa = PBXBuildFile; fileRef = 3A9B69B31C95468100F6D83A /* PlayAudioViewController.swift */; };
		3A9B69B61C9557AE00F6D83A /* RecordedAudio.swift in Sources */ = {isa = PBXBuildFile; fileRef = 3A9B69B51C9557AE00F6D83A /* RecordedAudio.swift */; };
		3AAB68D91C94013B00BC8649 /* AppDelegate.swift in Sources */ = {isa = PBXBuildFile; fileRef = 3AAB68D81C94013B00BC8649 /* AppDelegate.swift */; };
		3AAB68DB1C94013B00BC8649 /* RecordAudioViewController.swift in Sources */ = {isa = PBXBuildFile; fileRef = 3AAB68DA1C94013B00BC8649 /* RecordAudioViewController.swift */; };
		3AAB68DE1C94013B00BC8649 /* Main.storyboard in Resources */ = {isa = PBXBuildFile; fileRef = 3AAB68DC1C94013B00BC8649 /* Main.storyboard */; };
		3AAB68E01C94013B00BC8649 /* Assets.xcassets in Resources */ = {isa = PBXBuildFile; fileRef = 3AAB68DF1C94013B00BC8649 /* Assets.xcassets */; };
		3AAB68E31C94013B00BC8649 /* LaunchScreen.storyboard in Resources */ = {isa = PBXBuildFile; fileRef = 3AAB68E11C94013B00BC8649 /* LaunchScreen.storyboard */; };
		3AAB68EE1C94013B00BC8649 /* pitch_perfectTests.swift in Sources */ = {isa = PBXBuildFile; fileRef = 3AAB68ED1C94013B00BC8649 /* pitch_perfectTests.swift */; };
		3AAB68F91C94013B00BC8649 /* pitch_perfectUITests.swift in Sources */ = {isa = PBXBuildFile; fileRef = 3AAB68F81C94013B00BC8649 /* pitch_perfectUITests.swift */; };
/* End PBXBuildFile section */

/* Begin PBXContainerItemProxy section */
		3AAB68EA1C94013B00BC8649 /* PBXContainerItemProxy */ = {
			isa = PBXContainerItemProxy;
			containerPortal = 3AAB68CD1C94013B00BC8649 /* Project object */;
			proxyType = 1;
			remoteGlobalIDString = 3AAB68D41C94013B00BC8649;
			remoteInfo = "pitch-perfect";
		};
		3AAB68F51C94013B00BC8649 /* PBXContainerItemProxy */ = {
			isa = PBXContainerItemProxy;
			containerPortal = 3AAB68CD1C94013B00BC8649 /* Project object */;
			proxyType = 1;
			remoteGlobalIDString = 3AAB68D41C94013B00BC8649;
			remoteInfo = "pitch-perfect";
		};
/* End PBXContainerItemProxy section */

/* Begin PBXFileReference section */
		3A9B69B31C95468100F6D83A /* PlayAudioViewController.swift */ = {isa = PBXFileReference; fileEncoding = 4; lastKnownFileType = sourcecode.swift; path = PlayAudioViewController.swift; sourceTree = "<group>"; };
		3A9B69B51C9557AE00F6D83A /* RecordedAudio.swift */ = {isa = PBXFileReference; fileEncoding = 4; lastKnownFileType = sourcecode.swift; path = RecordedAudio.swift; sourceTree = "<group>"; };
		3AAB68D51C94013B00BC8649 /* pitch-perfect.app */ = {isa = PBXFileReference; explicitFileType = wrapper.application; includeInIndex = 0; path = "pitch-perfect.app"; sourceTree = BUILT_PRODUCTS_DIR; };
		3AAB68D81C94013B00BC8649 /* AppDelegate.swift */ = {isa = PBXFileReference; lastKnownFileType = sourcecode.swift; path = AppDelegate.swift; sourceTree = "<group>"; };
		3AAB68DA1C94013B00BC8649 /* RecordAudioViewController.swift */ = {isa = PBXFileReference; lastKnownFileType = sourcecode.swift; path = RecordAudioViewController.swift; sourceTree = "<group>"; };
		3AAB68DD1C94013B00BC8649 /* Base */ = {isa = PBXFileReference; lastKnownFileType = file.storyboard; name = Base; path = Base.lproj/Main.storyboard; sourceTree = "<group>"; };
		3AAB68DF1C94013B00BC8649 /* Assets.xcassets */ = {isa = PBXFileReference; lastKnownFileType = folder.assetcatalog; path = Assets.xcassets; sourceTree = "<group>"; };
		3AAB68E21C94013B00BC8649 /* Base */ = {isa = PBXFileReference; lastKnownFileType = file.storyboard; name = Base; path = Base.lproj/LaunchScreen.storyboard; sourceTree = "<group>"; };
		3AAB68E41C94013B00BC8649 /* Info.plist */ = {isa = PBXFileReference; lastKnownFileType = text.plist.xml; path = Info.plist; sourceTree = "<group>"; };
		3AAB68E91C94013B00BC8649 /* pitch-perfectTests.xctest */ = {isa = PBXFileReference; explicitFileType = wrapper.cfbundle; includeInIndex = 0; path = "pitch-perfectTests.xctest"; sourceTree = BUILT_PRODUCTS_DIR; };
		3AAB68ED1C94013B00BC8649 /* pitch_perfectTests.swift */ = {isa = PBXFileReference; lastKnownFileType = sourcecode.swift; path = pitch_perfectTests.swift; sourceTree = "<group>"; };
		3AAB68EF1C94013B00BC8649 /* Info.plist */ = {isa = PBXFileReference; lastKnownFileType = text.plist.xml; path = Info.plist; sourceTree = "<group>"; };
		3AAB68F41C94013B00BC8649 /* pitch-perfectUITests.xctest */ = {isa = PBXFileReference; explicitFileType = wrapper.cfbundle; includeInIndex = 0; path = "pitch-perfectUITests.xctest"; sourceTree = BUILT_PRODUCTS_DIR; };
		3AAB68F81C94013B00BC8649 /* pitch_perfectUITests.swift */ = {isa = PBXFileReference; lastKnownFileType = sourcecode.swift; path = pitch_perfectUITests.swift; sourceTree = "<group>"; };
		3AAB68FA1C94013B00BC8649 /* Info.plist */ = {isa = PBXFileReference; lastKnownFileType = text.plist.xml; path = Info.plist; sourceTree = "<group>"; };
/* End PBXFileReference section */

/* Begin PBXFrameworksBuildPhase section */
		3AAB68D21C94013B00BC8649 /* Frameworks */ = {
			isa = PBXFrameworksBuildPhase;
			buildActionMask = 2147483647;
			files = (
			);
			runOnlyForDeploymentPostprocessing = 0;
		};
		3AAB68E61C94013B00BC8649 /* Frameworks */ = {
			isa = PBXFrameworksBuildPhase;
			buildActionMask = 2147483647;
			files = (
			);
			runOnlyForDeploymentPostprocessing = 0;
		};
		3AAB68F11C94013B00BC8649 /* Frameworks */ = {
			isa = PBXFrameworksBuildPhase;
			buildActionMask = 2147483647;
			files = (
			);
			runOnlyForDeploymentPostprocessing = 0;
		};
/* End PBXFrameworksBuildPhase section */

/* Begin PBXGroup section */
		3AAB68CC1C94013B00BC8649 = {
			isa = PBXGroup;
			children = (
				3AAB68D71C94013B00BC8649 /* pitch-perfect */,
				3AAB68EC1C94013B00BC8649 /* pitch-perfectTests */,
				3AAB68F71C94013B00BC8649 /* pitch-perfectUITests */,
				3AAB68D61C94013B00BC8649 /* Products */,
			);
			sourceTree = "<group>";
		};
		3AAB68D61C94013B00BC8649 /* Products */ = {
			isa = PBXGroup;
			children = (
				3AAB68D51C94013B00BC8649 /* pitch-perfect.app */,
				3AAB68E91C94013B00BC8649 /* pitch-perfectTests.xctest */,
				3AAB68F41C94013B00BC8649 /* pitch-perfectUITests.xctest */,
			);
			name = Products;
			sourceTree = "<group>";
		};
		3AAB68D71C94013B00BC8649 /* pitch-perfect */ = {
			isa = PBXGroup;
			children = (
				3AAB68D81C94013B00BC8649 /* AppDelegate.swift */,
				3AAB68DA1C94013B00BC8649 /* RecordAudioViewController.swift */,
				3A9B69B31C95468100F6D83A /* PlayAudioViewController.swift */,
				3A9B69B51C9557AE00F6D83A /* RecordedAudio.swift */,
				3AAB68DC1C94013B00BC8649 /* Main.storyboard */,
				3AAB68DF1C94013B00BC8649 /* Assets.xcassets */,
				3AAB68E11C94013B00BC8649 /* LaunchScreen.storyboard */,
				3AAB68E41C94013B00BC8649 /* Info.plist */,
			);
			path = "pitch-perfect";
			sourceTree = "<group>";
		};
		3AAB68EC1C94013B00BC8649 /* pitch-perfectTests */ = {
			isa = PBXGroup;
			children = (
				3AAB68ED1C94013B00BC8649 /* pitch_perfectTests.swift */,
				3AAB68EF1C94013B00BC8649 /* Info.plist */,
			);
			path = "pitch-perfectTests";
			sourceTree = "<group>";
		};
		3AAB68F71C94013B00BC8649 /* pitch-perfectUITests */ = {
			isa = PBXGroup;
			children = (
				3AAB68F81C94013B00BC8649 /* pitch_perfectUITests.swift */,
				3AAB68FA1C94013B00BC8649 /* Info.plist */,
			);
			path = "pitch-perfectUITests";
			sourceTree = "<group>";
		};
/* End PBXGroup section */

/* Begin PBXNativeTarget section */
		3AAB68D41C94013B00BC8649 /* pitch-perfect */ = {
			isa = PBXNativeTarget;
			buildConfigurationList = 3AAB68FD1C94013B00BC8649 /* Build configuration list for PBXNativeTarget "pitch-perfect" */;
			buildPhases = (
				3AAB68D11C94013B00BC8649 /* Sources */,
				3AAB68D21C94013B00BC8649 /* Frameworks */,
				3AAB68D31C94013B00BC8649 /* Resources */,
			);
			buildRules = (
			);
			dependencies = (
			);
			name = "pitch-perfect";
			productName = "pitch-perfect";
			productReference = 3AAB68D51C94013B00BC8649 /* pitch-perfect.app */;
			productType = "com.apple.product-type.application";
		};
		3AAB68E81C94013B00BC8649 /* pitch-perfectTests */ = {
			isa = PBXNativeTarget;
			buildConfigurationList = 3AAB69001C94013B00BC8649 /* Build configuration list for PBXNativeTarget "pitch-perfectTests" */;
			buildPhases = (
				3AAB68E51C94013B00BC8649 /* Sources */,
				3AAB68E61C94013B00BC8649 /* Frameworks */,
				3AAB68E71C94013B00BC8649 /* Resources */,
			);
			buildRules = (
			);
			dependencies = (
				3AAB68EB1C94013B00BC8649 /* PBXTargetDependency */,
			);
			name = "pitch-perfectTests";
			productName = "pitch-perfectTests";
			productReference = 3AAB68E91C94013B00BC8649 /* pitch-perfectTests.xctest */;
			productType = "com.apple.product-type.bundle.unit-test";
		};
		3AAB68F31C94013B00BC8649 /* pitch-perfectUITests */ = {
			isa = PBXNativeTarget;
			buildConfigurationList = 3AAB69031C94013B00BC8649 /* Build configuration list for PBXNativeTarget "pitch-perfectUITests" */;
			buildPhases = (
				3AAB68F01C94013B00BC8649 /* Sources */,
				3AAB68F11C94013B00BC8649 /* Frameworks */,
				3AAB68F21C94013B00BC8649 /* Resources */,
			);
			buildRules = (
			);
			dependencies = (
				3AAB68F61C94013B00BC8649 /* PBXTargetDependency */,
			);
			name = "pitch-perfectUITests";
			productName = "pitch-perfectUITests";
			productReference = 3AAB68F41C94013B00BC8649 /* pitch-perfectUITests.xctest */;
			productType = "com.apple.product-type.bundle.ui-testing";
		};
/* End PBXNativeTarget section */

/* Begin PBXProject section */
		3AAB68CD1C94013B00BC8649 /* Project object */ = {
			isa = PBXProject;
			attributes = {
				LastSwiftUpdateCheck = 0720;
				LastUpgradeCheck = 0720;
				ORGANIZATIONNAME = "Ming Hu";
				TargetAttributes = {
					3AAB68D41C94013B00BC8649 = {
						CreatedOnToolsVersion = 7.2.1;
						DevelopmentTeam = QM598M5WMV;
					};
					3AAB68E81C94013B00BC8649 = {
						CreatedOnToolsVersion = 7.2.1;
						DevelopmentTeam = QM598M5WMV;
						TestTargetID = 3AAB68D41C94013B00BC8649;
					};
					3AAB68F31C94013B00BC8649 = {
						CreatedOnToolsVersion = 7.2.1;
						DevelopmentTeam = QM598M5WMV;
						TestTargetID = 3AAB68D41C94013B00BC8649;
					};
				};
			};
			buildConfigurationList = 3AAB68D01C94013B00BC8649 /* Build configuration list for PBXProject "pitch-perfect" */;
			compatibilityVersion = "Xcode 3.2";
			developmentRegion = English;
			hasScannedForEncodings = 0;
			knownRegions = (
				en,
				Base,
			);
			mainGroup = 3AAB68CC1C94013B00BC8649;
			productRefGroup = 3AAB68D61C94013B00BC8649 /* Products */;
			projectDirPath = "";
			projectRoot = "";
			targets = (
				3AAB68D41C94013B00BC8649 /* pitch-perfect */,
				3AAB68E81C94013B00BC8649 /* pitch-perfectTests */,
				3AAB68F31C94013B00BC8649 /* pitch-perfectUITests */,
			);
		};
/* End PBXProject section */

/* Begin PBXResourcesBuildPhase section */
		3AAB68D31C94013B00BC8649 /* Resources */ = {
			isa = PBXResourcesBuildPhase;
			buildActionMask = 2147483647;
			files = (
				3AAB68E31C94013B00BC8649 /* LaunchScreen.storyboard in Resources */,
				3AAB68E01C94013B00BC8649 /* Assets.xcassets in Resources */,
				3AAB68DE1C94013B00BC8649 /* Main.storyboard in Resources */,
			);
			runOnlyForDeploymentPostprocessing = 0;
		};
		3AAB68E71C94013B00BC8649 /* Resources */ = {
			isa = PBXResourcesBuildPhase;
			buildActionMask = 2147483647;
			files = (
			);
			runOnlyForDeploymentPostprocessing = 0;
		};
		3AAB68F21C94013B00BC8649 /* Resources */ = {
			isa = PBXResourcesBuildPhase;
			buildActionMask = 2147483647;
			files = (
			);
			runOnlyForDeploymentPostprocessing = 0;
		};
/* End PBXResourcesBuildPhase section */

/* Begin PBXSourcesBuildPhase section */
		3AAB68D11C94013B00BC8649 /* Sources */ = {
			isa = PBXSourcesBuildPhase;
			buildActionMask = 2147483647;
			files = (
				3A9B69B61C9557AE00F6D83A /* RecordedAudio.swift in Sources */,
				3AAB68DB1C94013B00BC8649 /* RecordAudioViewController.swift in Sources */,
				3AAB68D91C94013B00BC8649 /* AppDelegate.swift in Sources */,
				3A9B69B41C95468100F6D83A /* PlayAudioViewController.swift in Sources */,
			);
			runOnlyForDeploymentPostprocessing = 0;
		};
		3AAB68E51C94013B00BC8649 /* Sources */ = {
			isa = PBXSourcesBuildPhase;
			buildActionMask = 2147483647;
			files = (
				3AAB68EE1C94013B00BC8649 /* pitch_perfectTests.swift in Sources */,
			);
			runOnlyForDeploymentPostprocessing = 0;
		};
		3AAB68F01C94013B00BC8649 /* Sources */ = {
			isa = PBXSourcesBuildPhase;
			buildActionMask = 2147483647;
			files = (
				3AAB68F91C94013B00BC8649 /* pitch_perfectUITests.swift in Sources */,
			);
			runOnlyForDeploymentPostprocessing = 0;
		};
/* End PBXSourcesBuildPhase section */

/* Begin PBXTargetDependency section */
		3AAB68EB1C94013B00BC8649 /* PBXTargetDependency */ = {
			isa = PBXTargetDependency;
			target = 3AAB68D41C94013B00BC8649 /* pitch-perfect */;
			targetProxy = 3AAB68EA1C94013B00BC8649 /* PBXContainerItemProxy */;
		};
		3AAB68F61C94013B00BC8649 /* PBXTargetDependency */ = {
			isa = PBXTargetDependency;
			target = 3AAB68D41C94013B00BC8649 /* pitch-perfect */;
			targetProxy = 3AAB68F51C94013B00BC8649 /* PBXContainerItemProxy */;
		};
/* End PBXTargetDependency section */

/* Begin PBXVariantGroup section */
		3AAB68DC1C94013B00BC8649 /* Main.storyboard */ = {
			isa = PBXVariantGroup;
			children = (
				3AAB68DD1C94013B00BC8649 /* Base */,
			);
			name = Main.storyboard;
			sourceTree = "<group>";
		};
		3AAB68E11C94013B00BC8649 /* LaunchScreen.storyboard */ = {
			isa = PBXVariantGroup;
			children = (
				3AAB68E21C94013B00BC8649 /* Base */,
			);
			name = LaunchScreen.storyboard;
			sourceTree = "<group>";
		};
/* End PBXVariantGroup section */

/* Begin XCBuildConfiguration section */
		3AAB68FB1C94013B00BC8649 /* Debug */ = {
			isa = XCBuildConfiguration;
			buildSettings = {
				ALWAYS_SEARCH_USER_PATHS = NO;
				CLANG_CXX_LANGUAGE_STANDARD = "gnu++0x";
				CLANG_CXX_LIBRARY = "libc++";
				CLANG_ENABLE_MODULES = YES;
				CLANG_ENABLE_OBJC_ARC = YES;
				CLANG_WARN_BOOL_CONVERSION = YES;
				CLANG_WARN_CONSTANT_CONVERSION = YES;
				CLANG_WARN_DIRECT_OBJC_ISA_USAGE = YES_ERROR;
				CLANG_WARN_EMPTY_BODY = YES;
				CLANG_WARN_ENUM_CONVERSION = YES;
				CLANG_WARN_INT_CONVERSION = YES;
				CLANG_WARN_OBJC_ROOT_CLASS = YES_ERROR;
				CLANG_WARN_UNREACHABLE_CODE = YES;
				CLANG_WARN__DUPLICATE_METHOD_MATCH = YES;
				"CODE_SIGN_IDENTITY[sdk=iphoneos*]" = "iPhone Developer";
				COPY_PHASE_STRIP = NO;
				DEBUG_INFORMATION_FORMAT = dwarf;
				ENABLE_STRICT_OBJC_MSGSEND = YES;
				ENABLE_TESTABILITY = YES;
				GCC_C_LANGUAGE_STANDARD = gnu99;
				GCC_DYNAMIC_NO_PIC = NO;
				GCC_NO_COMMON_BLOCKS = YES;
				GCC_OPTIMIZATION_LEVEL = 0;
				GCC_PREPROCESSOR_DEFINITIONS = (
					"DEBUG=1",
					"$(inherited)",
				);
				GCC_WARN_64_TO_32_BIT_CONVERSION = YES;
				GCC_WARN_ABOUT_RETURN_TYPE = YES_ERROR;
				GCC_WARN_UNDECLARED_SELECTOR = YES;
				GCC_WARN_UNINITIALIZED_AUTOS = YES_AGGRESSIVE;
				GCC_WARN_UNUSED_FUNCTION = YES;
				GCC_WARN_UNUSED_VARIABLE = YES;
				IPHONEOS_DEPLOYMENT_TARGET = 9.2;
				MTL_ENABLE_DEBUG_INFO = YES;
				ONLY_ACTIVE_ARCH = YES;
				SDKROOT = iphoneos;
				SWIFT_OPTIMIZATION_LEVEL = "-Onone";
			};
			name = Debug;
		};
		3AAB68FC1C94013B00BC8649 /* Release */ = {
			isa = XCBuildConfiguration;
			buildSettings = {
				ALWAYS_SEARCH_USER_PATHS = NO;
				CLANG_CXX_LANGUAGE_STANDARD = "gnu++0x";
				CLANG_CXX_LIBRARY = "libc++";
				CLANG_ENABLE_MODULES = YES;
				CLANG_ENABLE_OBJC_ARC = YES;
				CLANG_WARN_BOOL_CONVERSION = YES;
				CLANG_WARN_CONSTANT_CONVERSION = YES;
				CLANG_WARN_DIRECT_OBJC_ISA_USAGE = YES_ERROR;
				CLANG_WARN_EMPTY_BODY = YES;
				CLANG_WARN_ENUM_CONVERSION = YES;
				CLANG_WARN_INT_CONVERSION = YES;
				CLANG_WARN_OBJC_ROOT_CLASS = YES_ERROR;
				CLANG_WARN_UNREACHABLE_CODE = YES;
				CLANG_WARN__DUPLICATE_METHOD_MATCH = YES;
				"CODE_SIGN_IDENTITY[sdk=iphoneos*]" = "iPhone Developer";
				COPY_PHASE_STRIP = NO;
				DEBUG_INFORMATION_FORMAT = "dwarf-with-dsym";
				ENABLE_NS_ASSERTIONS = NO;
				ENABLE_STRICT_OBJC_MSGSEND = YES;
				GCC_C_LANGUAGE_STANDARD = gnu99;
				GCC_NO_COMMON_BLOCKS = YES;
				GCC_WARN_64_TO_32_BIT_CONVERSION = YES;
				GCC_WARN_ABOUT_RETURN_TYPE = YES_ERROR;
				GCC_WARN_UNDECLARED_SELECTOR = YES;
				GCC_WARN_UNINITIALIZED_AUTOS = YES_AGGRESSIVE;
				GCC_WARN_UNUSED_FUNCTION = YES;
				GCC_WARN_UNUSED_VARIABLE = YES;
				IPHONEOS_DEPLOYMENT_TARGET = 9.2;
				MTL_ENABLE_DEBUG_INFO = NO;
				SDKROOT = iphoneos;
				VALIDATE_PRODUCT = YES;
			};
			name = Release;
		};
		3AAB68FE1C94013B00BC8649 /* Debug */ = {
			isa = XCBuildConfiguration;
			buildSettings = {
				ASSETCATALOG_COMPILER_APPICON_NAME = AppIcon;
				INFOPLIST_FILE = "pitch-perfect/Info.plist";
				LD_RUNPATH_SEARCH_PATHS = "$(inherited) @executable_path/Frameworks";
				PRODUCT_BUNDLE_IDENTIFIER = "ming.pitch-perfect";
				PRODUCT_NAME = "$(TARGET_NAME)";
			};
			name = Debug;
		};
		3AAB68FF1C94013B00BC8649 /* Release */ = {
			isa = XCBuildConfiguration;
			buildSettings = {
				ASSETCATALOG_COMPILER_APPICON_NAME = AppIcon;
				INFOPLIST_FILE = "pitch-perfect/Info.plist";
				LD_RUNPATH_SEARCH_PATHS = "$(inherited) @executable_path/Frameworks";
				PRODUCT_BUNDLE_IDENTIFIER = "ming.pitch-perfect";
				PRODUCT_NAME = "$(TARGET_NAME)";
			};
			name = Release;
		};
		3AAB69011C94013B00BC8649 /* Debug */ = {
			isa = XCBuildConfiguration;
			buildSettings = {
				BUNDLE_LOADER = "$(TEST_HOST)";
				INFOPLIST_FILE = "pitch-perfectTests/Info.plist";
				LD_RUNPATH_SEARCH_PATHS = "$(inherited) @executable_path/Frameworks @loader_path/Frameworks";
				PRODUCT_BUNDLE_IDENTIFIER = "ming.pitch-perfectTests";
				PRODUCT_NAME = "$(TARGET_NAME)";
				TEST_HOST = "$(BUILT_PRODUCTS_DIR)/pitch-perfect.app/pitch-perfect";
			};
			name = Debug;
		};
		3AAB69021C94013B00BC8649 /* Release */ = {
			isa = XCBuildConfiguration;
			buildSettings = {
				BUNDLE_LOADER = "$(TEST_HOST)";
				INFOPLIST_FILE = "pitch-perfectTests/Info.plist";
				LD_RUNPATH_SEARCH_PATHS = "$(inherited) @executable_path/Frameworks @loader_path/Frameworks";
				PRODUCT_BUNDLE_IDENTIFIER = "ming.pitch-perfectTests";
				PRODUCT_NAME = "$(TARGET_NAME)";
				TEST_HOST = "$(BUILT_PRODUCTS_DIR)/pitch-perfect.app/pitch-perfect";
			};
			name = Release;
		};
		3AAB69041C94013B00BC8649 /* Debug */ = {
			isa = XCBuildConfiguration;
			buildSettings = {
				INFOPLIST_FILE = "pitch-perfectUITests/Info.plist";
				LD_RUNPATH_SEARCH_PATHS = "$(inherited) @executable_path/Frameworks @loader_path/Frameworks";
				PRODUCT_BUNDLE_IDENTIFIER = "ming.pitch-perfectUITests";
				PRODUCT_NAME = "$(TARGET_NAME)";
				TEST_TARGET_NAME = "pitch-perfect";
				USES_XCTRUNNER = YES;
			};
			name = Debug;
		};
		3AAB69051C94013B00BC8649 /* Release */ = {
			isa = XCBuildConfiguration;
			buildSettings = {
				INFOPLIST_FILE = "pitch-perfectUITests/Info.plist";
				LD_RUNPATH_SEARCH_PATHS = "$(inherited) @executable_path/Frameworks @loader_path/Frameworks";
				PRODUCT_BUNDLE_IDENTIFIER = "ming.pitch-perfectUITests";
				PRODUCT_NAME = "$(TARGET_NAME)";
				TEST_TARGET_NAME = "pitch-perfect";
				USES_XCTRUNNER = YES;
			};
			name = Release;
		};
/* End XCBuildConfiguration section */

/* Begin XCConfigurationList section */
		3AAB68D01C94013B00BC8649 /* Build configuration list for PBXProject "pitch-perfect" */ = {
			isa = XCConfigurationList;
			buildConfigurations = (
				3AAB68FB1C94013B00BC8649 /* Debug */,
				3AAB68FC1C94013B00BC8649 /* Release */,
			);
			defaultConfigurationIsVisible = 0;
			defaultConfigurationName = Release;
		};
		3AAB68FD1C94013B00BC8649 /* Build configuration list for PBXNativeTarget "pitch-perfect" */ = {
			isa = XCConfigurationList;
			buildConfigurations = (
				3AAB68FE1C94013B00BC8649 /* Debug */,
				3AAB68FF1C94013B00BC8649 /* Release */,
			);
			defaultConfigurationIsVisible = 0;
			defaultConfigurationName = Release;
		};
		3AAB69001C94013B00BC8649 /* Build configuration list for PBXNativeTarget "pitch-perfectTests" */ = {
			isa = XCConfigurationList;
			buildConfigurations = (
				3AAB69011C94013B00BC8649 /* Debug */,
				3AAB69021C94013B00BC8649 /* Release */,
			);
			defaultConfigurationIsVisible = 0;
			defaultConfigurationName = Release;
		};
		3AAB69031C94013B00BC8649 /* Build configuration list for PBXNativeTarget "pitch-perfectUITests" */ = {
			isa = XCConfigurationList;
			buildConfigurations = (
				3AAB69041C94013B00BC8649 /* Debug */,
				3AAB69051C94013B00BC8649 /* Release */,
			);
			defaultConfigurationIsVisible = 0;
			defaultConfigurationName = Release;
		};
/* End XCConfigurationList section */
	};
	rootObject = 3AAB68CD1C94013B00BC8649 /* Project object */;
}
